<?xml version="1.0" encoding="utf-8"?>
<Project ToolsVersion="4.0" xmlns="http://schemas.microsoft.com/developer/msbuild/2003">
  <ItemGroup>
    <ClCompile Include="ssd1306_i2c.c" />
    <ClCompile Include="main.cpp" />
    <ClCompile Include="fonts\century_10pt.c">
      <Filter>fonts</Filter>
    </ClCompile>
    <ClCompile Include="fonts\century_11pt.c">
      <Filter>fonts</Filter>
    </ClCompile>
    <ClCompile Include="fonts\consolas_11pt.c">
      <Filter>fonts</Filter>
    </ClCompile>
    <ClCompile Include="fonts\consolas_24pt.c">
      <Filter>fonts</Filter>
    </ClCompile>
    <ClCompile Include="fonts\segoeUISemibold_24pt.c">
      <Filter>fonts</Filter>
    </ClCompile>
    <ClCompile Include="fonts\glcd_5x7.c">
      <Filter>fonts</Filter>
    </ClCompile>
    <ClCompile Include="fonts\glcdru_5x7.c">
      <Filter>fonts</Filter>
    </ClCompile>
    <ClCompile Include="fonts\tahoma_8pt.c">
      <Filter>fonts</Filter>
    </ClCompile>
    <ClCompile Include="fonts.c" />
    <ClCompile Include="WifiPainter.cpp">
      <Filter>painters</Filter>
    </ClCompile>
    <ClCompile Include="StartPainter.cpp">
      <Filter>painters</Filter>
    </ClCompile>
    <ClCompile Include="DateTimePainter.cpp">
      <Filter>painters</Filter>
    </ClCompile>
    <ClCompile Include="PinSignaller.cpp">
      <Filter>signallers</Filter>
    </ClCompile>
    <ClCompile Include="TimerSignaller.cpp">
      <Filter>signallers</Filter>
    </ClCompile>
    <ClCompile Include="OledDisplay.cpp" />
    <ClCompile Include="VolumePainter.cpp">
      <Filter>painters</Filter>
    </ClCompile>
  </ItemGroup>
  <ItemGroup>
    <ClInclude Include="ssd1306_i2c.h" />
    <ClInclude Include="fonts.h" />
    <ClInclude Include="WifiPainter.h">
      <Filter>painters</Filter>
    </ClInclude>
    <ClInclude Include="StartPainter.h">
      <Filter>painters</Filter>
    </ClInclude>
    <ClInclude Include="DateTimePainter.h">
      <Filter>painters</Filter>
    </ClInclude>
    <ClInclude Include="PinSignaller.h">
      <Filter>signallers</Filter>
    </ClInclude>
    <ClInclude Include="callbackMethod.h" />
    <ClInclude Include="TimerSignaller.h">
      <Filter>signallers</Filter>
    </ClInclude>
    <ClInclude Include="OledDisplay.h" />
    <ClInclude Include="VolumePainter.h">
      <Filter>painters</Filter>
    </ClInclude>
  </ItemGroup>
  <ItemGroup>
    <None Include="Makefile" />
  </ItemGroup>
  <ItemGroup>
    <Filter Include="fonts">
      <UniqueIdentifier>{7b92ae5a-5941-42a2-875e-92ad7c800dcd}</UniqueIdentifier>
    </Filter>
    <Filter Include="painters">
      <UniqueIdentifier>{be9e660c-8ed9-445c-a676-07561c3e7546}</UniqueIdentifier>
    </Filter>
    <Filter Include="signallers">
      <UniqueIdentifier>{d3a9514e-7cda-4e85-bed6-e4dc4c3015eb}</UniqueIdentifier>
    </Filter>
  </ItemGroup>
</Project>