<?xml version="1.0" encoding="utf-8"?>
<Project ToolsVersion="4.0" xmlns="http://schemas.microsoft.com/developer/msbuild/2003">
  <ItemGroup>
    <ClCompile Include="ssd1306_i2c.c" />
    <ClCompile Include="main.cpp" />
    <ClCompile Include="fonts\century_10pt.c">
      <Filter>fonts</Filter>
    </ClCompile>
    <ClCompile Include="fonts\century_11pt.c">
      <Filter>fonts</Filter>
    </ClCompile>
    <ClCompile Include="fonts\consolas_11pt.c">
      <Filter>fonts</Filter>
    </ClCompile>
    <ClCompile Include="fonts\consolas_24pt.c">
      <Filter>fonts</Filter>
    </ClCompile>
    <ClCompile Include="fonts\segoeUISemibold_24pt.c">
      <Filter>fonts</Filter>
    </ClCompile>
    <ClCompile Include="fonts\glcd_5x7.c">
      <Filter>fonts</Filter>
    </ClCompile>
    <ClCompile Include="fonts\glcdru_5x7.c">
      <Filter>fonts</Filter>
    </ClCompile>
    <ClCompile Include="fonts\tahoma_8pt.c">
      <Filter>fonts</Filter>
    </ClCompile>
    <ClCompile Include="fonts.c" />
    <ClCompile Include="WifiPainter.cpp">
      <Filter>painters</Filter>
    </ClCompile>
    <ClCompile Include="StartPainter.cpp">
      <Filter>painters</Filter>
    </ClCompile>
    <ClCompile Include="DateTimePainter.cpp">
      <Filter>painters</Filter>
    </ClCompile>
    <ClCompile Include="PinSignaller.cpp">
      <Filter>signallers</Filter>
    </ClCompile>
    <ClCompile Include="TimerSignaller.cpp">
      <Filter>signallers</Filter>
    </ClCompile>
    <ClCompile Include="OledDisplay.cpp" />
    <ClCompile Include="VolumePainter.cpp">
      <Filter>painters</Filter>
    </ClCompile>
    <ClCompile Include="BaseSignaller.cpp">
      <Filter>signallers</Filter>
    </ClCompile>
    <ClCompile Include="RotatorSignaller.cpp">
      <Filter>signallers</Filter>
    </ClCompile>
    <ClCompile Include="lvgl\lv_misc\lv_anim.c">
      <Filter>LittlevGL</Filter>
    </ClCompile>
    <ClCompile Include="lvgl\lv_misc\lv_area.c">
      <Filter>LittlevGL</Filter>
    </ClCompile>
    <ClCompile Include="lvgl\lv_objx\lv_bar.c">
      <Filter>LittlevGL</Filter>
    </ClCompile>
    <ClCompile Include="lvgl\lv_objx\lv_btn.c">
      <Filter>LittlevGL</Filter>
    </ClCompile>
    <ClCompile Include="lvgl\lv_objx\lv_btnm.c">
      <Filter>LittlevGL</Filter>
    </ClCompile>
    <ClCompile Include="lvgl\lv_objx\lv_cb.c">
      <Filter>LittlevGL</Filter>
    </ClCompile>
    <ClCompile Include="lvgl\lv_objx\lv_chart.c">
      <Filter>LittlevGL</Filter>
    </ClCompile>
    <ClCompile Include="lvgl\lv_misc\lv_circ.c">
      <Filter>LittlevGL</Filter>
    </ClCompile>
    <ClCompile Include="lvgl\lv_misc\lv_color.c">
      <Filter>LittlevGL</Filter>
    </ClCompile>
    <ClCompile Include="lvgl\lv_objx\lv_cont.c">
      <Filter>LittlevGL</Filter>
    </ClCompile>
    <ClCompile Include="lvgl\lv_objx\lv_ddlist.c">
      <Filter>LittlevGL</Filter>
    </ClCompile>
    <ClCompile Include="lvgl\lv_draw\lv_draw.c">
      <Filter>LittlevGL</Filter>
    </ClCompile>
    <ClCompile Include="lvgl\lv_draw\lv_draw_rbasic.c">
      <Filter>LittlevGL</Filter>
    </ClCompile>
    <ClCompile Include="lvgl\lv_draw\lv_draw_vbasic.c">
      <Filter>LittlevGL</Filter>
    </ClCompile>
    <ClCompile Include="lvgl\lv_misc\lv_font.c">
      <Filter>LittlevGL</Filter>
    </ClCompile>
    <ClCompile Include="lvgl\lv_misc\lv_fonts\lv_font_dejavu_10.c">
      <Filter>LittlevGL</Filter>
    </ClCompile>
    <ClCompile Include="lvgl\lv_misc\lv_fonts\lv_font_dejavu_10_cyrillic.c">
      <Filter>LittlevGL</Filter>
    </ClCompile>
    <ClCompile Include="lvgl\lv_misc\lv_fonts\lv_font_dejavu_10_latin_sup.c">
      <Filter>LittlevGL</Filter>
    </ClCompile>
    <ClCompile Include="lvgl\lv_misc\lv_fonts\lv_font_dejavu_20.c">
      <Filter>LittlevGL</Filter>
    </ClCompile>
    <ClCompile Include="lvgl\lv_misc\lv_fonts\lv_font_dejavu_20_cyrillic.c">
      <Filter>LittlevGL</Filter>
    </ClCompile>
    <ClCompile Include="lvgl\lv_misc\lv_fonts\lv_font_dejavu_20_latin_sup.c">
      <Filter>LittlevGL</Filter>
    </ClCompile>
    <ClCompile Include="lvgl\lv_misc\lv_fonts\lv_font_dejavu_30.c">
      <Filter>LittlevGL</Filter>
    </ClCompile>
    <ClCompile Include="lvgl\lv_misc\lv_fonts\lv_font_dejavu_30_cyrillic.c">
      <Filter>LittlevGL</Filter>
    </ClCompile>
    <ClCompile Include="lvgl\lv_misc\lv_fonts\lv_font_dejavu_30_latin_sup.c">
      <Filter>LittlevGL</Filter>
    </ClCompile>
    <ClCompile Include="lvgl\lv_misc\lv_fonts\lv_font_dejavu_40.c">
      <Filter>LittlevGL</Filter>
    </ClCompile>
    <ClCompile Include="lvgl\lv_misc\lv_fonts\lv_font_dejavu_40_cyrillic.c">
      <Filter>LittlevGL</Filter>
    </ClCompile>
    <ClCompile Include="lvgl\lv_misc\lv_fonts\lv_font_dejavu_40_latin_sup.c">
      <Filter>LittlevGL</Filter>
    </ClCompile>
    <ClCompile Include="lvgl\lv_misc\lv_fonts\lv_font_symbol_10.c">
      <Filter>LittlevGL</Filter>
    </ClCompile>
    <ClCompile Include="lvgl\lv_misc\lv_fonts\lv_font_symbol_20.c">
      <Filter>LittlevGL</Filter>
    </ClCompile>
    <ClCompile Include="lvgl\lv_misc\lv_fonts\lv_font_symbol_30.c">
      <Filter>LittlevGL</Filter>
    </ClCompile>
    <ClCompile Include="lvgl\lv_misc\lv_fonts\lv_font_symbol_40.c">
      <Filter>LittlevGL</Filter>
    </ClCompile>
    <ClCompile Include="lvgl\lv_misc\lv_fs.c">
      <Filter>LittlevGL</Filter>
    </ClCompile>
    <ClCompile Include="lvgl\lv_objx\lv_gauge.c">
      <Filter>LittlevGL</Filter>
    </ClCompile>
    <ClCompile Include="lvgl\lv_core\lv_group.c">
      <Filter>LittlevGL</Filter>
    </ClCompile>
    <ClCompile Include="lvgl\lv_hal\lv_hal_disp.c">
      <Filter>LittlevGL</Filter>
    </ClCompile>
    <ClCompile Include="lvgl\lv_hal\lv_hal_indev.c">
      <Filter>LittlevGL</Filter>
    </ClCompile>
    <ClCompile Include="lvgl\lv_hal\lv_hal_tick.c">
      <Filter>LittlevGL</Filter>
    </ClCompile>
    <ClCompile Include="lvgl\lv_objx\lv_img.c">
      <Filter>LittlevGL</Filter>
    </ClCompile>
    <ClCompile Include="lvgl\lv_core\lv_indev.c">
      <Filter>LittlevGL</Filter>
    </ClCompile>
    <ClCompile Include="lvgl\lv_objx\lv_kb.c">
      <Filter>LittlevGL</Filter>
    </ClCompile>
    <ClCompile Include="lvgl\lv_objx\lv_label.c">
      <Filter>LittlevGL</Filter>
    </ClCompile>
    <ClCompile Include="lvgl\lv_objx\lv_led.c">
      <Filter>LittlevGL</Filter>
    </ClCompile>
    <ClCompile Include="lvgl\lv_objx\lv_line.c">
      <Filter>LittlevGL</Filter>
    </ClCompile>
    <ClCompile Include="lvgl\lv_objx\lv_list.c">
      <Filter>LittlevGL</Filter>
    </ClCompile>
    <ClCompile Include="lvgl\lv_misc\lv_ll.c">
      <Filter>LittlevGL</Filter>
    </ClCompile>
    <ClCompile Include="lvgl\lv_objx\lv_lmeter.c">
      <Filter>LittlevGL</Filter>
    </ClCompile>
    <ClCompile Include="lvgl\lv_misc\lv_math.c">
      <Filter>LittlevGL</Filter>
    </ClCompile>
    <ClCompile Include="lvgl\lv_objx\lv_mbox.c">
      <Filter>LittlevGL</Filter>
    </ClCompile>
    <ClCompile Include="lvgl\lv_misc\lv_mem.c">
      <Filter>LittlevGL</Filter>
    </ClCompile>
    <ClCompile Include="lvgl\lv_core\lv_obj.c">
      <Filter>LittlevGL</Filter>
    </ClCompile>
    <ClCompile Include="lvgl\lv_objx\lv_objx_templ.c">
      <Filter>LittlevGL</Filter>
    </ClCompile>
    <ClCompile Include="lvgl\lv_objx\lv_page.c">
      <Filter>LittlevGL</Filter>
    </ClCompile>
    <ClCompile Include="lvgl\lv_core\lv_refr.c">
      <Filter>LittlevGL</Filter>
    </ClCompile>
    <ClCompile Include="lvgl\lv_objx\lv_roller.c">
      <Filter>LittlevGL</Filter>
    </ClCompile>
    <ClCompile Include="lvgl\lv_objx\lv_slider.c">
      <Filter>LittlevGL</Filter>
    </ClCompile>
    <ClCompile Include="lvgl\lv_core\lv_style.c">
      <Filter>LittlevGL</Filter>
    </ClCompile>
    <ClCompile Include="lvgl\lv_objx\lv_sw.c">
      <Filter>LittlevGL</Filter>
    </ClCompile>
    <ClCompile Include="lvgl\lv_objx\lv_ta.c">
      <Filter>LittlevGL</Filter>
    </ClCompile>
    <ClCompile Include="lvgl\lv_objx\lv_tabview.c">
      <Filter>LittlevGL</Filter>
    </ClCompile>
    <ClCompile Include="lvgl\lv_misc\lv_task.c">
      <Filter>LittlevGL</Filter>
    </ClCompile>
    <ClCompile Include="lvgl\lv_misc\lv_templ.c">
      <Filter>LittlevGL</Filter>
    </ClCompile>
    <ClCompile Include="lvgl\lv_themes\lv_theme.c">
      <Filter>LittlevGL</Filter>
    </ClCompile>
    <ClCompile Include="lvgl\lv_themes\lv_theme_alien.c">
      <Filter>LittlevGL</Filter>
    </ClCompile>
    <ClCompile Include="lvgl\lv_themes\lv_theme_default.c">
      <Filter>LittlevGL</Filter>
    </ClCompile>
    <ClCompile Include="lvgl\lv_themes\lv_theme_material.c">
      <Filter>LittlevGL</Filter>
    </ClCompile>
    <ClCompile Include="lvgl\lv_themes\lv_theme_mono.c">
      <Filter>LittlevGL</Filter>
    </ClCompile>
    <ClCompile Include="lvgl\lv_themes\lv_theme_night.c">
      <Filter>LittlevGL</Filter>
    </ClCompile>
    <ClCompile Include="lvgl\lv_themes\lv_theme_templ.c">
      <Filter>LittlevGL</Filter>
    </ClCompile>
    <ClCompile Include="lvgl\lv_themes\lv_theme_zen.c">
      <Filter>LittlevGL</Filter>
    </ClCompile>
    <ClCompile Include="lvgl\lv_misc\lv_trigo.c">
      <Filter>LittlevGL</Filter>
    </ClCompile>
    <ClCompile Include="lvgl\lv_misc\lv_txt.c">
      <Filter>LittlevGL</Filter>
    </ClCompile>
    <ClCompile Include="lvgl\lv_misc\lv_ufs.c">
      <Filter>LittlevGL</Filter>
    </ClCompile>
    <ClCompile Include="lvgl\lv_core\lv_vdb.c">
      <Filter>LittlevGL</Filter>
    </ClCompile>
    <ClCompile Include="lvgl\lv_objx\lv_win.c">
      <Filter>LittlevGL</Filter>
    </ClCompile>
    <ClCompile Include="lv_drivers\indev\AD_touch.c">
      <Filter>LittlevGL</Filter>
    </ClCompile>
    <ClCompile Include="lv_drivers\indev\evdev.c">
      <Filter>LittlevGL</Filter>
    </ClCompile>
    <ClCompile Include="lv_drivers\display\fbdev.c">
      <Filter>LittlevGL</Filter>
    </ClCompile>
    <ClCompile Include="lv_drivers\indev\FT5406EE8.c">
      <Filter>LittlevGL</Filter>
    </ClCompile>
    <ClCompile Include="lv_drivers\indev\keyboard.c">
      <Filter>LittlevGL</Filter>
    </ClCompile>
    <ClCompile Include="lv_drivers\display\monitor.c">
      <Filter>LittlevGL</Filter>
    </ClCompile>
    <ClCompile Include="lv_drivers\indev\mouse.c">
      <Filter>LittlevGL</Filter>
    </ClCompile>
    <ClCompile Include="lv_drivers\display\R61581.c">
      <Filter>LittlevGL</Filter>
    </ClCompile>
    <ClCompile Include="lv_drivers\display\SSD1963.c">
      <Filter>LittlevGL</Filter>
    </ClCompile>
    <ClCompile Include="lv_drivers\display\ST7565.c">
      <Filter>LittlevGL</Filter>
    </ClCompile>
    <ClCompile Include="lv_drivers\indev\XPT2046.c">
      <Filter>LittlevGL</Filter>
    </ClCompile>
    <ClCompile Include="lvgl_test.cpp" />
  </ItemGroup>
  <ItemGroup>
    <ClInclude Include="ssd1306_i2c.h" />
    <ClInclude Include="fonts.h" />
    <ClInclude Include="WifiPainter.h">
      <Filter>painters</Filter>
    </ClInclude>
    <ClInclude Include="StartPainter.h">
      <Filter>painters</Filter>
    </ClInclude>
    <ClInclude Include="DateTimePainter.h">
      <Filter>painters</Filter>
    </ClInclude>
    <ClInclude Include="PinSignaller.h">
      <Filter>signallers</Filter>
    </ClInclude>
    <ClInclude Include="callbackMethod.h" />
    <ClInclude Include="TimerSignaller.h">
      <Filter>signallers</Filter>
    </ClInclude>
    <ClInclude Include="OledDisplay.h" />
    <ClInclude Include="VolumePainter.h">
      <Filter>painters</Filter>
    </ClInclude>
    <ClInclude Include="BaseSignaller.h">
      <Filter>signallers</Filter>
    </ClInclude>
    <ClInclude Include="RotatorSignaller.h">
      <Filter>signallers</Filter>
    </ClInclude>
    <ClInclude Include="lvgl\lv_misc\lv_anim.h">
      <Filter>LittlevGL</Filter>
    </ClInclude>
    <ClInclude Include="lvgl\lv_misc\lv_area.h">
      <Filter>LittlevGL</Filter>
    </ClInclude>
    <ClInclude Include="lvgl\lv_objx\lv_bar.h">
      <Filter>LittlevGL</Filter>
    </ClInclude>
    <ClInclude Include="lvgl\lv_objx\lv_btn.h">
      <Filter>LittlevGL</Filter>
    </ClInclude>
    <ClInclude Include="lvgl\lv_objx\lv_btnm.h">
      <Filter>LittlevGL</Filter>
    </ClInclude>
    <ClInclude Include="lvgl\lv_objx\lv_cb.h">
      <Filter>LittlevGL</Filter>
    </ClInclude>
    <ClInclude Include="lvgl\lv_objx\lv_chart.h">
      <Filter>LittlevGL</Filter>
    </ClInclude>
    <ClInclude Include="lvgl\lv_misc\lv_circ.h">
      <Filter>LittlevGL</Filter>
    </ClInclude>
    <ClInclude Include="lvgl\lv_misc\lv_color.h">
      <Filter>LittlevGL</Filter>
    </ClInclude>
    <ClInclude Include="lvgl\lv_conf_templ.h">
      <Filter>LittlevGL</Filter>
    </ClInclude>
    <ClInclude Include="lvgl\lv_objx\lv_cont.h">
      <Filter>LittlevGL</Filter>
    </ClInclude>
    <ClInclude Include="lvgl\lv_objx\lv_ddlist.h">
      <Filter>LittlevGL</Filter>
    </ClInclude>
    <ClInclude Include="lvgl\lv_draw\lv_draw.h">
      <Filter>LittlevGL</Filter>
    </ClInclude>
    <ClInclude Include="lvgl\lv_draw\lv_draw_rbasic.h">
      <Filter>LittlevGL</Filter>
    </ClInclude>
    <ClInclude Include="lvgl\lv_draw\lv_draw_vbasic.h">
      <Filter>LittlevGL</Filter>
    </ClInclude>
    <ClInclude Include="lv_drivers\lv_drv_conf_templ.h">
      <Filter>LittlevGL</Filter>
    </ClInclude>
    <ClInclude Include="lvgl\lv_misc\lv_font.h">
      <Filter>LittlevGL</Filter>
    </ClInclude>
    <ClInclude Include="lvgl\lv_misc\lv_fs.h">
      <Filter>LittlevGL</Filter>
    </ClInclude>
    <ClInclude Include="lvgl\lv_objx\lv_gauge.h">
      <Filter>LittlevGL</Filter>
    </ClInclude>
    <ClInclude Include="lvgl\lv_core\lv_group.h">
      <Filter>LittlevGL</Filter>
    </ClInclude>
    <ClInclude Include="lvgl\lv_hal\lv_hal.h">
      <Filter>LittlevGL</Filter>
    </ClInclude>
    <ClInclude Include="lvgl\lv_hal\lv_hal_disp.h">
      <Filter>LittlevGL</Filter>
    </ClInclude>
    <ClInclude Include="lvgl\lv_hal\lv_hal_indev.h">
      <Filter>LittlevGL</Filter>
    </ClInclude>
    <ClInclude Include="lvgl\lv_hal\lv_hal_tick.h">
      <Filter>LittlevGL</Filter>
    </ClInclude>
    <ClInclude Include="lvgl\lv_objx\lv_img.h">
      <Filter>LittlevGL</Filter>
    </ClInclude>
    <ClInclude Include="lvgl\lv_core\lv_indev.h">
      <Filter>LittlevGL</Filter>
    </ClInclude>
    <ClInclude Include="lvgl\lv_objx\lv_kb.h">
      <Filter>LittlevGL</Filter>
    </ClInclude>
    <ClInclude Include="lvgl\lv_objx\lv_label.h">
      <Filter>LittlevGL</Filter>
    </ClInclude>
    <ClInclude Include="lvgl\lv_objx\lv_led.h">
      <Filter>LittlevGL</Filter>
    </ClInclude>
    <ClInclude Include="lvgl\lv_objx\lv_line.h">
      <Filter>LittlevGL</Filter>
    </ClInclude>
    <ClInclude Include="lvgl\lv_objx\lv_list.h">
      <Filter>LittlevGL</Filter>
    </ClInclude>
    <ClInclude Include="lvgl\lv_misc\lv_ll.h">
      <Filter>LittlevGL</Filter>
    </ClInclude>
    <ClInclude Include="lvgl\lv_objx\lv_lmeter.h">
      <Filter>LittlevGL</Filter>
    </ClInclude>
    <ClInclude Include="lvgl\lv_misc\lv_math.h">
      <Filter>LittlevGL</Filter>
    </ClInclude>
    <ClInclude Include="lvgl\lv_objx\lv_mbox.h">
      <Filter>LittlevGL</Filter>
    </ClInclude>
    <ClInclude Include="lvgl\lv_misc\lv_mem.h">
      <Filter>LittlevGL</Filter>
    </ClInclude>
    <ClInclude Include="lvgl\lv_core\lv_obj.h">
      <Filter>LittlevGL</Filter>
    </ClInclude>
    <ClInclude Include="lvgl\lv_objx\lv_objx_templ.h">
      <Filter>LittlevGL</Filter>
    </ClInclude>
    <ClInclude Include="lvgl\lv_objx\lv_page.h">
      <Filter>LittlevGL</Filter>
    </ClInclude>
    <ClInclude Include="lvgl\lv_core\lv_refr.h">
      <Filter>LittlevGL</Filter>
    </ClInclude>
    <ClInclude Include="lvgl\lv_objx\lv_roller.h">
      <Filter>LittlevGL</Filter>
    </ClInclude>
    <ClInclude Include="lvgl\lv_objx\lv_slider.h">
      <Filter>LittlevGL</Filter>
    </ClInclude>
    <ClInclude Include="lvgl\lv_core\lv_style.h">
      <Filter>LittlevGL</Filter>
    </ClInclude>
    <ClInclude Include="lvgl\lv_objx\lv_sw.h">
      <Filter>LittlevGL</Filter>
    </ClInclude>
    <ClInclude Include="lvgl\lv_misc\lv_fonts\lv_symbol_def.h">
      <Filter>LittlevGL</Filter>
    </ClInclude>
    <ClInclude Include="lvgl\lv_objx\lv_ta.h">
      <Filter>LittlevGL</Filter>
    </ClInclude>
    <ClInclude Include="lvgl\lv_objx\lv_tabview.h">
      <Filter>LittlevGL</Filter>
    </ClInclude>
    <ClInclude Include="lvgl\lv_misc\lv_task.h">
      <Filter>LittlevGL</Filter>
    </ClInclude>
    <ClInclude Include="lvgl\lv_misc\lv_templ.h">
      <Filter>LittlevGL</Filter>
    </ClInclude>
    <ClInclude Include="lvgl\lv_themes\lv_theme.h">
      <Filter>LittlevGL</Filter>
    </ClInclude>
    <ClInclude Include="lvgl\lv_themes\lv_theme_alien.h">
      <Filter>LittlevGL</Filter>
    </ClInclude>
    <ClInclude Include="lvgl\lv_themes\lv_theme_default.h">
      <Filter>LittlevGL</Filter>
    </ClInclude>
    <ClInclude Include="lvgl\lv_themes\lv_theme_material.h">
      <Filter>LittlevGL</Filter>
    </ClInclude>
    <ClInclude Include="lvgl\lv_themes\lv_theme_mono.h">
      <Filter>LittlevGL</Filter>
    </ClInclude>
    <ClInclude Include="lvgl\lv_themes\lv_theme_night.h">
      <Filter>LittlevGL</Filter>
    </ClInclude>
    <ClInclude Include="lvgl\lv_themes\lv_theme_templ.h">
      <Filter>LittlevGL</Filter>
    </ClInclude>
    <ClInclude Include="lvgl\lv_themes\lv_theme_zen.h">
      <Filter>LittlevGL</Filter>
    </ClInclude>
    <ClInclude Include="lvgl\lv_misc\lv_trigo.h">
      <Filter>LittlevGL</Filter>
    </ClInclude>
    <ClInclude Include="lvgl\lv_misc\lv_txt.h">
      <Filter>LittlevGL</Filter>
    </ClInclude>
    <ClInclude Include="lvgl\lv_misc\lv_ufs.h">
      <Filter>LittlevGL</Filter>
    </ClInclude>
    <ClInclude Include="lvgl\lv_core\lv_vdb.h">
      <Filter>LittlevGL</Filter>
    </ClInclude>
    <ClInclude Include="lvgl\lv_objx\lv_win.h">
      <Filter>LittlevGL</Filter>
    </ClInclude>
    <ClInclude Include="lvgl\lvgl.h">
      <Filter>LittlevGL</Filter>
    </ClInclude>
    <ClInclude Include="lv_drivers\indev\AD_touch.h">
      <Filter>LittlevGL</Filter>
    </ClInclude>
    <ClInclude Include="lv_drivers\indev\evdev.h">
      <Filter>LittlevGL</Filter>
    </ClInclude>
    <ClInclude Include="lv_drivers\display\fbdev.h">
      <Filter>LittlevGL</Filter>
    </ClInclude>
    <ClInclude Include="lv_drivers\indev\FT5406EE8.h">
      <Filter>LittlevGL</Filter>
    </ClInclude>
    <ClInclude Include="lv_drivers\indev\keyboard.h">
      <Filter>LittlevGL</Filter>
    </ClInclude>
    <ClInclude Include="lv_drivers\display\monitor.h">
      <Filter>LittlevGL</Filter>
    </ClInclude>
    <ClInclude Include="lv_drivers\indev\mouse.h">
      <Filter>LittlevGL</Filter>
    </ClInclude>
    <ClInclude Include="lv_drivers\display\R61581.h">
      <Filter>LittlevGL</Filter>
    </ClInclude>
    <ClInclude Include="lv_drivers\display\SSD1963.h">
      <Filter>LittlevGL</Filter>
    </ClInclude>
    <ClInclude Include="lv_drivers\display\ST7565.h">
      <Filter>LittlevGL</Filter>
    </ClInclude>
    <ClInclude Include="lv_drivers\indev\XPT2046.h">
      <Filter>LittlevGL</Filter>
    </ClInclude>
    <ClInclude Include="lv_conf.h" />
    <ClInclude Include="lv_drv_conf.h" />
  </ItemGroup>
  <ItemGroup>
    <None Include="Makefile" />
  </ItemGroup>
  <ItemGroup>
    <Filter Include="fonts">
      <UniqueIdentifier>{7b92ae5a-5941-42a2-875e-92ad7c800dcd}</UniqueIdentifier>
    </Filter>
    <Filter Include="painters">
      <UniqueIdentifier>{be9e660c-8ed9-445c-a676-07561c3e7546}</UniqueIdentifier>
    </Filter>
    <Filter Include="signallers">
      <UniqueIdentifier>{d3a9514e-7cda-4e85-bed6-e4dc4c3015eb}</UniqueIdentifier>
    </Filter>
    <Filter Include="LittlevGL">
      <UniqueIdentifier>{ca7aa00d-e5d7-467a-9239-bba5288ef118}</UniqueIdentifier>
    </Filter>
  </ItemGroup>
</Project>